// !$*UTF8*$!
{
	archiveVersion = 1;
	classes = {
	};
	objectVersion = 46;
	objects = {

/* Begin PBXBuildFile section */
		4ACCC8C71C4AB85B00CDC4E5 /* main.m in Sources */ = {isa = PBXBuildFile; fileRef = 4ACCC8C61C4AB85B00CDC4E5 /* main.m */; };
		4ACCC8CA1C4AB85B00CDC4E5 /* AppDelegate.m in Sources */ = {isa = PBXBuildFile; fileRef = 4ACCC8C91C4AB85B00CDC4E5 /* AppDelegate.m */; };
		4ACCC8D01C4AB85B00CDC4E5 /* Main.storyboard in Resources */ = {isa = PBXBuildFile; fileRef = 4ACCC8CE1C4AB85B00CDC4E5 /* Main.storyboard */; };
		4ACCC8D21C4AB85B00CDC4E5 /* Assets.xcassets in Resources */ = {isa = PBXBuildFile; fileRef = 4ACCC8D11C4AB85B00CDC4E5 /* Assets.xcassets */; };
		4ACCC8D51C4AB85B00CDC4E5 /* LaunchScreen.storyboard in Resources */ = {isa = PBXBuildFile; fileRef = 4ACCC8D31C4AB85B00CDC4E5 /* LaunchScreen.storyboard */; };
		4ACCC8DE1C4AB9BC00CDC4E5 /* GameViewController.m in Sources */ = {isa = PBXBuildFile; fileRef = 4ACCC8DD1C4AB9BC00CDC4E5 /* GameViewController.m */; };
/* End PBXBuildFile section */

/* Begin PBXFileReference section */
		4ACCC8C21C4AB85B00CDC4E5 /* TicTacToe.app */ = {isa = PBXFileReference; explicitFileType = wrapper.application; includeInIndex = 0; path = TicTacToe.app; sourceTree = BUILT_PRODUCTS_DIR; };
		4ACCC8C61C4AB85B00CDC4E5 /* main.m */ = {isa = PBXFileReference; lastKnownFileType = sourcecode.c.objc; path = main.m; sourceTree = "<group>"; };
		4ACCC8C81C4AB85B00CDC4E5 /* AppDelegate.h */ = {isa = PBXFileReference; lastKnownFileType = sourcecode.c.h; path = AppDelegate.h; sourceTree = "<group>"; };
		4ACCC8C91C4AB85B00CDC4E5 /* AppDelegate.m */ = {isa = PBXFileReference; lastKnownFileType = sourcecode.c.objc; path = AppDelegate.m; sourceTree = "<group>"; };
		4ACCC8CF1C4AB85B00CDC4E5 /* Base */ = {isa = PBXFileReference; lastKnownFileType = file.storyboard; name = Base; path = Base.lproj/Main.storyboard; sourceTree = "<group>"; };
		4ACCC8D11C4AB85B00CDC4E5 /* Assets.xcassets */ = {isa = PBXFileReference; lastKnownFileType = folder.assetcatalog; path = Assets.xcassets; sourceTree = "<group>"; };
		4ACCC8D41C4AB85B00CDC4E5 /* Base */ = {isa = PBXFileReference; lastKnownFileType = file.storyboard; name = Base; path = Base.lproj/LaunchScreen.storyboard; sourceTree = "<group>"; };
		4ACCC8D61C4AB85B00CDC4E5 /* Info.plist */ = {isa = PBXFileReference; lastKnownFileType = text.plist.xml; path = Info.plist; sourceTree = "<group>"; };
		4ACCC8DC1C4AB9BC00CDC4E5 /* GameViewController.h */ = {isa = PBXFileReference; fileEncoding = 4; lastKnownFileType = sourcecode.c.h; name = GameViewController.h; path = ../GameViewController.h; sourceTree = "<group>"; };
		4ACCC8DD1C4AB9BC00CDC4E5 /* GameViewController.m */ = {isa = PBXFileReference; fileEncoding = 4; lastKnownFileType = sourcecode.c.objc; name = GameViewController.m; path = ../GameViewController.m; sourceTree = "<group>"; };
/* End PBXFileReference section */

/* Begin PBXFrameworksBuildPhase section */
		4ACCC8BF1C4AB85B00CDC4E5 /* Frameworks */ = {
			isa = PBXFrameworksBuildPhase;
			buildActionMask = 2147483647;
			files = (
			);
			runOnlyForDeploymentPostprocessing = 0;
		};
/* End PBXFrameworksBuildPhase section */

/* Begin PBXGroup section */
		4ACCC8B91C4AB85B00CDC4E5 = {
			isa = PBXGroup;
			children = (
				4ACCC8C41C4AB85B00CDC4E5 /* TicTacToe */,
				4ACCC8C31C4AB85B00CDC4E5 /* Products */,
			);
			sourceTree = "<group>";
		};
		4ACCC8C31C4AB85B00CDC4E5 /* Products */ = {
			isa = PBXGroup;
			children = (
				4ACCC8C21C4AB85B00CDC4E5 /* TicTacToe.app */,
			);
			name = Products;
			sourceTree = "<group>";
		};
		4ACCC8C41C4AB85B00CDC4E5 /* TicTacToe */ = {
			isa = PBXGroup;
			children = (
				4ACCC8CE1C4AB85B00CDC4E5 /* Main.storyboard */,
				4ACCC8DC1C4AB9BC00CDC4E5 /* GameViewController.h */,
				4ACCC8DD1C4AB9BC00CDC4E5 /* GameViewController.m */,
				4ACCC8D11C4AB85B00CDC4E5 /* Assets.xcassets */,
				4ACCC8D31C4AB85B00CDC4E5 /* LaunchScreen.storyboard */,
				4ACCC8D61C4AB85B00CDC4E5 /* Info.plist */,
				4ACCC8C51C4AB85B00CDC4E5 /* Supporting Files */,
			);
			path = TicTacToe;
			sourceTree = "<group>";
		};
		4ACCC8C51C4AB85B00CDC4E5 /* Supporting Files */ = {
			isa = PBXGroup;
			children = (
				4ACCC8C81C4AB85B00CDC4E5 /* AppDelegate.h */,
				4ACCC8C91C4AB85B00CDC4E5 /* AppDelegate.m */,
				4ACCC8C61C4AB85B00CDC4E5 /* main.m */,
			);
			name = "Supporting Files";
			sourceTree = "<group>";
		};
/* End PBXGroup section */

/* Begin PBXNativeTarget section */
		4ACCC8C11C4AB85B00CDC4E5 /* TicTacToe */ = {
			isa = PBXNativeTarget;
			buildConfigurationList = 4ACCC8D91C4AB85B00CDC4E5 /* Build configuration list for PBXNativeTarget "TicTacToe" */;
			buildPhases = (
				4ACCC8BE1C4AB85B00CDC4E5 /* Sources */,
				4ACCC8BF1C4AB85B00CDC4E5 /* Frameworks */,
				4ACCC8C01C4AB85B00CDC4E5 /* Resources */,
			);
			buildRules = (
			);
			dependencies = (
			);
			name = TicTacToe;
			productName = TicTacToe;
			productReference = 4ACCC8C21C4AB85B00CDC4E5 /* TicTacToe.app */;
			productType = "com.apple.product-type.application";
		};
/* End PBXNativeTarget section */

/* Begin PBXProject section */
		4ACCC8BA1C4AB85B00CDC4E5 /* Project object */ = {
			isa = PBXProject;
			attributes = {
				LastUpgradeCheck = 0720;
				ORGANIZATIONNAME = "Nicholas Naudé";
				TargetAttributes = {
					4ACCC8C11C4AB85B00CDC4E5 = {
						CreatedOnToolsVersion = 7.2;
						DevelopmentTeam = 7PX37ZY9M9;
					};
				};
			};
			buildConfigurationList = 4ACCC8BD1C4AB85B00CDC4E5 /* Build configuration list for PBXProject "TicTacToe" */;
			compatibilityVersion = "Xcode 3.2";
			developmentRegion = English;
			hasScannedForEncodings = 0;
			knownRegions = (
				en,
				Base,
			);
			mainGroup = 4ACCC8B91C4AB85B00CDC4E5;
			productRefGroup = 4ACCC8C31C4AB85B00CDC4E5 /* Products */;
			projectDirPath = "";
			projectRoot = "";
			targets = (
				4ACCC8C11C4AB85B00CDC4E5 /* TicTacToe */,
			);
		};
/* End PBXProject section */

/* Begin PBXResourcesBuildPhase section */
		4ACCC8C01C4AB85B00CDC4E5 /* Resources */ = {
			isa = PBXResourcesBuildPhase;
			buildActionMask = 2147483647;
			files = (
				4ACCC8D51C4AB85B00CDC4E5 /* LaunchScreen.storyboard in Resources */,
				4ACCC8D21C4AB85B00CDC4E5 /* Assets.xcassets in Resources */,
				4ACCC8D01C4AB85B00CDC4E5 /* Main.storyboard in Resources */,
			);
			runOnlyForDeploymentPostprocessing = 0;
		};
/* End PBXResourcesBuildPhase section */

/* Begin PBXSourcesBuildPhase section */
		4ACCC8BE1C4AB85B00CDC4E5 /* Sources */ = {
			isa = PBXSourcesBuildPhase;
			buildActionMask = 2147483647;
			files = (
				4ACCC8CA1C4AB85B00CDC4E5 /* AppDelegate.m in Sources */,
				4ACCC8DE1C4AB9BC00CDC4E5 /* GameViewController.m in Sources */,
				4ACCC8C71C4AB85B00CDC4E5 /* main.m in Sources */,
			);
			runOnlyForDeploymentPostprocessing = 0;
		};
/* End PBXSourcesBuildPhase section */

/* Begin PBXVariantGroup section */
		4ACCC8CE1C4AB85B00CDC4E5 /* Main.storyboard */ = {
			isa = PBXVariantGroup;
			children = (
				4ACCC8CF1C4AB85B00CDC4E5 /* Base */,
			);
			name = Main.storyboard;
			sourceTree = "<group>";
		};
		4ACCC8D31C4AB85B00CDC4E5 /* LaunchScreen.storyboard */ = {
			isa = PBXVariantGroup;
			children = (
				4ACCC8D41C4AB85B00CDC4E5 /* Base */,
			);
			name = LaunchScreen.storyboard;
			sourceTree = "<group>";
		};
/* End PBXVariantGroup section */

/* Begin XCBuildConfiguration section */
		4ACCC8D71C4AB85B00CDC4E5 /* Debug */ = {
			isa = XCBuildConfiguration;
			buildSettings = {
				ALWAYS_SEARCH_USER_PATHS = NO;
				CLANG_CXX_LANGUAGE_STANDARD = "gnu++0x";
				CLANG_CXX_LIBRARY = "libc++";
				CLANG_ENABLE_MODULES = YES;
				CLANG_ENABLE_OBJC_ARC = YES;
				CLANG_WARN_BOOL_CONVERSION = YES;
				CLANG_WARN_CONSTANT_CONVERSION = YES;
				CLANG_WARN_DIRECT_OBJC_ISA_USAGE = YES_ERROR;
				CLANG_WARN_EMPTY_BODY = YES;
				CLANG_WARN_ENUM_CONVERSION = YES;
				CLANG_WARN_INT_CONVERSION = YES;
				CLANG_WARN_OBJC_ROOT_CLASS = YES_ERROR;
				CLANG_WARN_UNREACHABLE_CODE = YES;
				CLANG_WARN__DUPLICATE_METHOD_MATCH = YES;
				"CODE_SIGN_IDENTITY[sdk=iphoneos*]" = "iPhone Developer";
				COPY_PHASE_STRIP = NO;
				DEBUG_INFORMATION_FORMAT = dwarf;
				ENABLE_STRICT_OBJC_MSGSEND = YES;
				ENABLE_TESTABILITY = YES;
				GCC_C_LANGUAGE_STANDARD = gnu99;
				GCC_DYNAMIC_NO_PIC = NO;
				GCC_NO_COMMON_BLOCKS = YES;
				GCC_OPTIMIZATION_LEVEL = 0;
				GCC_PREPROCESSOR_DEFINITIONS = (
					"DEBUG=1",
					"$(inherited)",
				);
				GCC_WARN_64_TO_32_BIT_CONVERSION = YES;
				GCC_WARN_ABOUT_RETURN_TYPE = YES_ERROR;
				GCC_WARN_UNDECLARED_SELECTOR = YES;
				GCC_WARN_UNINITIALIZED_AUTOS = YES_AGGRESSIVE;
				GCC_WARN_UNUSED_FUNCTION = YES;
				GCC_WARN_UNUSED_VARIABLE = YES;
				IPHONEOS_DEPLOYMENT_TARGET = 9.2;
				MTL_ENABLE_DEBUG_INFO = YES;
				ONLY_ACTIVE_ARCH = YES;
				SDKROOT = iphoneos;
			};
			name = Debug;
		};
		4ACCC8D81C4AB85B00CDC4E5 /* Release */ = {
			isa = XCBuildConfiguration;
			buildSettings = {
				ALWAYS_SEARCH_USER_PATHS = NO;
				CLANG_CXX_LANGUAGE_STANDARD = "gnu++0x";
				CLANG_CXX_LIBRARY = "libc++";
				CLANG_ENABLE_MODULES = YES;
				CLANG_ENABLE_OBJC_ARC = YES;
				CLANG_WARN_BOOL_CONVERSION = YES;
				CLANG_WARN_CONSTANT_CONVERSION = YES;
				CLANG_WARN_DIRECT_OBJC_ISA_USAGE = YES_ERROR;
				CLANG_WARN_EMPTY_BODY = YES;
				CLANG_WARN_ENUM_CONVERSION = YES;
				CLANG_WARN_INT_CONVERSION = YES;
				CLANG_WARN_OBJC_ROOT_CLASS = YES_ERROR;
				CLANG_WARN_UNREACHABLE_CODE = YES;
				CLANG_WARN__DUPLICATE_METHOD_MATCH = YES;
				"CODE_SIGN_IDENTITY[sdk=iphoneos*]" = "iPhone Developer";
				COPY_PHASE_STRIP = NO;
				DEBUG_INFORMATION_FORMAT = "dwarf-with-dsym";
				ENABLE_NS_ASSERTIONS = NO;
				ENABLE_STRICT_OBJC_MSGSEND = YES;
				GCC_C_LANGUAGE_STANDARD = gnu99;
				GCC_NO_COMMON_BLOCKS = YES;
				GCC_WARN_64_TO_32_BIT_CONVERSION = YES;
				GCC_WARN_ABOUT_RETURN_TYPE = YES_ERROR;
				GCC_WARN_UNDECLARED_SELECTOR = YES;
				GCC_WARN_UNINITIALIZED_AUTOS = YES_AGGRESSIVE;
				GCC_WARN_UNUSED_FUNCTION = YES;
				GCC_WARN_UNUSED_VARIABLE = YES;
				IPHONEOS_DEPLOYMENT_TARGET = 9.2;
				MTL_ENABLE_DEBUG_INFO = NO;
				SDKROOT = iphoneos;
				VALIDATE_PRODUCT = YES;
			};
			name = Release;
		};
		4ACCC8DA1C4AB85B00CDC4E5 /* Debug */ = {
			isa = XCBuildConfiguration;
			buildSettings = {
				ASSETCATALOG_COMPILER_APPICON_NAME = AppIcon;
				INFOPLIST_FILE = TicTacToe/Info.plist;
				LD_RUNPATH_SEARCH_PATHS = "$(inherited) @executable_path/Frameworks";
				PRODUCT_BUNDLE_IDENTIFIER = com.nicholasnaude.TicTacToe;
				PRODUCT_NAME = "$(TARGET_NAME)";
			};
			name = Debug;
		};
		4ACCC8DB1C4AB85B00CDC4E5 /* Release */ = {
			isa = XCBuildConfiguration;
			buildSettings = {
				ASSETCATALOG_COMPILER_APPICON_NAME = AppIcon;
				INFOPLIST_FILE = TicTacToe/Info.plist;
				LD_RUNPATH_SEARCH_PATHS = "$(inherited) @executable_path/Frameworks";
				PRODUCT_BUNDLE_IDENTIFIER = com.nicholasnaude.TicTacToe;
				PRODUCT_NAME = "$(TARGET_NAME)";
			};
			name = Release;
		};
/* End XCBuildConfiguration section */

/* Begin XCConfigurationList section */
		4ACCC8BD1C4AB85B00CDC4E5 /* Build configuration list for PBXProject "TicTacToe" */ = {
			isa = XCConfigurationList;
			buildConfigurations = (
				4ACCC8D71C4AB85B00CDC4E5 /* Debug */,
				4ACCC8D81C4AB85B00CDC4E5 /* Release */,
			);
			defaultConfigurationIsVisible = 0;
			defaultConfigurationName = Release;
		};
		4ACCC8D91C4AB85B00CDC4E5 /* Build configuration list for PBXNativeTarget "TicTacToe" */ = {
			isa = XCConfigurationList;
			buildConfigurations = (
				4ACCC8DA1C4AB85B00CDC4E5 /* Debug */,
				4ACCC8DB1C4AB85B00CDC4E5 /* Release */,
			);
			defaultConfigurationIsVisible = 0;
		};
/* End XCConfigurationList section */
	};
	rootObject = 4ACCC8BA1C4AB85B00CDC4E5 /* Project object */;
}
